
Microsoft Visual Studio Solution File, Format Version 12.00
# Visual Studio Version 17
VisualStudioVersion = 17.5.33424.131
MinimumVisualStudioVersion = 10.0.40219.1
Project("{FAE04EC0-301F-11D3-BF4B-00C04F79EFBC}") = "poc-hyperwallet-pgp", "poc-hyperwallet-pgp.csproj", "{FF87218D-3EA2-4337-8654-C648D7D872BD}"
EndProject
Global
	GlobalSection(SolutionConfigurationPlatforms) = preSolution
		Debug|Any CPU = Debug|Any CPU
		Release|Any CPU = Release|Any CPU
	EndGlobalSection
	GlobalSection(ProjectConfigurationPlatforms) = postSolution
		{FF87218D-3EA2-4337-8654-C648D7D872BD}.Debug|Any CPU.ActiveCfg = Debug|Any CPU
		{FF87218D-3EA2-4337-8654-C648D7D872BD}.Debug|Any CPU.Build.0 = Debug|Any CPU
		{FF87218D-3EA2-4337-8654-C648D7D872BD}.Release|Any CPU.ActiveCfg = Release|Any CPU
		{FF87218D-3EA2-4337-8654-C648D7D872BD}.Release|Any CPU.Build.0 = Release|Any CPU
	EndGlobalSection
	GlobalSection(SolutionProperties) = preSolution
		HideSolutionNode = FALSE
	EndGlobalSection
	GlobalSection(ExtensibilityGlobals) = postSolution
		SolutionGuid = {D076E921-79EE-45C6-93A4-CE05477DEF44}
	EndGlobalSection
EndGlobal
